
Microsoft Visual Studio Solution File, Format Version 12.00
# Visual Studio Version 17
VisualStudioVersion = 17.9.34622.214
MinimumVisualStudioVersion = 10.0.40219.1
Project("{FAE04EC0-301F-11D3-BF4B-00C04F79EFBC}") = "Day3-Assignment", "Day3-Assignment.csproj", "{3B4B481C-5AD7-4D30-BE80-FF0A1140F1AF}"
EndProject
Global
	GlobalSection(SolutionConfigurationPlatforms) = preSolution
		Debug|Any CPU = Debug|Any CPU
		Release|Any CPU = Release|Any CPU
	EndGlobalSection
	GlobalSection(ProjectConfigurationPlatforms) = postSolution
		{3B4B481C-5AD7-4D30-BE80-FF0A1140F1AF}.Debug|Any CPU.ActiveCfg = Debug|Any CPU
		{3B4B481C-5AD7-4D30-BE80-FF0A1140F1AF}.Debug|Any CPU.Build.0 = Debug|Any CPU
		{3B4B481C-5AD7-4D30-BE80-FF0A1140F1AF}.Release|Any CPU.ActiveCfg = Release|Any CPU
		{3B4B481C-5AD7-4D30-BE80-FF0A1140F1AF}.Release|Any CPU.Build.0 = Release|Any CPU
	EndGlobalSection
	GlobalSection(SolutionProperties) = preSolution
		HideSolutionNode = FALSE
	EndGlobalSection
	GlobalSection(ExtensibilityGlobals) = postSolution
		SolutionGuid = {AE1CC41B-D0F0-4C35-BD3A-468B2C21E45E}
	EndGlobalSection
EndGlobal
